
Microsoft Visual Studio Solution File, Format Version 12.00
Project("{2150E333-8FDC-42A3-9474-1A3956D46DE8}") = "Solutions", "Solutions", "{8B934DB2-0608-436A-AFC3-E7DE903BB716}"
	ProjectSection(SolutionItems) = preProject
		Directory.Packages.props = Directory.Packages.props
		.gitignore = .gitignore
		README.md = README.md
	EndProjectSection
EndProject
Project("{2150E333-8FDC-42A3-9474-1A3956D46DE8}") = "src", "src", "{1F76A8F8-5F2B-4591-B74A-9DCFB3A20C6D}"
EndProject
Project("{FAE04EC0-301F-11D3-BF4B-00C04F79EFBC}") = "FGW.Farm", "src\FGW.Farm\FGW.Farm.csproj", "{834C4C88-3519-46D3-A64B-9D5988570321}"
EndProject
Project("{FAE04EC0-301F-11D3-BF4B-00C04F79EFBC}") = "FGW.Infrastructure", "src\FGW.Infrastructure\FGW.Infrastructure.csproj", "{F4CE98C4-E755-46BC-9C48-E16387F9F40D}"
EndProject
Project("{FAE04EC0-301F-11D3-BF4B-00C04F79EFBC}") = "FGW.Market", "src\FGW.Market\FGW.Market.csproj", "{DAC66378-B0DE-49F0-8113-871A7EC46B90}"
EndProject
Global
	GlobalSection(SolutionConfigurationPlatforms) = preSolution
		Debug|Any CPU = Debug|Any CPU
		Release|Any CPU = Release|Any CPU
	EndGlobalSection
	GlobalSection(ProjectConfigurationPlatforms) = postSolution
		{834C4C88-3519-46D3-A64B-9D5988570321}.Debug|Any CPU.ActiveCfg = Debug|Any CPU
		{834C4C88-3519-46D3-A64B-9D5988570321}.Debug|Any CPU.Build.0 = Debug|Any CPU
		{834C4C88-3519-46D3-A64B-9D5988570321}.Release|Any CPU.ActiveCfg = Release|Any CPU
		{834C4C88-3519-46D3-A64B-9D5988570321}.Release|Any CPU.Build.0 = Release|Any CPU
		{F4CE98C4-E755-46BC-9C48-E16387F9F40D}.Debug|Any CPU.ActiveCfg = Debug|Any CPU
		{F4CE98C4-E755-46BC-9C48-E16387F9F40D}.Debug|Any CPU.Build.0 = Debug|Any CPU
		{F4CE98C4-E755-46BC-9C48-E16387F9F40D}.Release|Any CPU.ActiveCfg = Release|Any CPU
		{F4CE98C4-E755-46BC-9C48-E16387F9F40D}.Release|Any CPU.Build.0 = Release|Any CPU
		{DAC66378-B0DE-49F0-8113-871A7EC46B90}.Debug|Any CPU.ActiveCfg = Debug|Any CPU
		{DAC66378-B0DE-49F0-8113-871A7EC46B90}.Debug|Any CPU.Build.0 = Debug|Any CPU
		{DAC66378-B0DE-49F0-8113-871A7EC46B90}.Release|Any CPU.ActiveCfg = Release|Any CPU
		{DAC66378-B0DE-49F0-8113-871A7EC46B90}.Release|Any CPU.Build.0 = Release|Any CPU
	EndGlobalSection
	GlobalSection(NestedProjects) = preSolution
		{834C4C88-3519-46D3-A64B-9D5988570321} = {1F76A8F8-5F2B-4591-B74A-9DCFB3A20C6D}
		{F4CE98C4-E755-46BC-9C48-E16387F9F40D} = {1F76A8F8-5F2B-4591-B74A-9DCFB3A20C6D}
		{DAC66378-B0DE-49F0-8113-871A7EC46B90} = {1F76A8F8-5F2B-4591-B74A-9DCFB3A20C6D}
	EndGlobalSection
EndGlobal
