
Microsoft Visual Studio Solution File, Format Version 12.00
Project("{2150E333-8FDC-42A3-9474-1A3956D46DE8}") = "Solutions", "Solutions", "{8B934DB2-0608-436A-AFC3-E7DE903BB716}"
	ProjectSection(SolutionItems) = preProject
		Directory.Packages.props = Directory.Packages.props
		.gitignore = .gitignore
		README.md = README.md
	EndProjectSection
EndProject
Project("{FAE04EC0-301F-11D3-BF4B-00C04F79EFBC}") = "SimpleSend", "SimpleSend\SimpleSend.csproj", "{834C4C88-3519-46D3-A64B-9D5988570321}"
EndProject
Project("{FAE04EC0-301F-11D3-BF4B-00C04F79EFBC}") = "FGW.Market", "src\FGW.Market\FGW.Market.csproj", "{DAC66378-B0DE-49F0-8113-871A7EC46B90}"
EndProject
Project("{FAE04EC0-301F-11D3-BF4B-00C04F79EFBC}") = "Scratch", "Scratch\Scratch.csproj", "{91E7C805-9D58-4037-829A-1291B824F2E3}"
EndProject
Global
	GlobalSection(SolutionConfigurationPlatforms) = preSolution
		Debug|Any CPU = Debug|Any CPU
		Release|Any CPU = Release|Any CPU
	EndGlobalSection
	GlobalSection(ProjectConfigurationPlatforms) = postSolution
		{834C4C88-3519-46D3-A64B-9D5988570321}.Debug|Any CPU.ActiveCfg = Debug|Any CPU
		{834C4C88-3519-46D3-A64B-9D5988570321}.Debug|Any CPU.Build.0 = Debug|Any CPU
		{834C4C88-3519-46D3-A64B-9D5988570321}.Release|Any CPU.ActiveCfg = Release|Any CPU
		{834C4C88-3519-46D3-A64B-9D5988570321}.Release|Any CPU.Build.0 = Release|Any CPU
		{DAC66378-B0DE-49F0-8113-871A7EC46B90}.Debug|Any CPU.ActiveCfg = Debug|Any CPU
		{DAC66378-B0DE-49F0-8113-871A7EC46B90}.Debug|Any CPU.Build.0 = Debug|Any CPU
		{DAC66378-B0DE-49F0-8113-871A7EC46B90}.Release|Any CPU.ActiveCfg = Release|Any CPU
		{DAC66378-B0DE-49F0-8113-871A7EC46B90}.Release|Any CPU.Build.0 = Release|Any CPU
		{91E7C805-9D58-4037-829A-1291B824F2E3}.Debug|Any CPU.ActiveCfg = Debug|Any CPU
		{91E7C805-9D58-4037-829A-1291B824F2E3}.Debug|Any CPU.Build.0 = Debug|Any CPU
		{91E7C805-9D58-4037-829A-1291B824F2E3}.Release|Any CPU.ActiveCfg = Release|Any CPU
		{91E7C805-9D58-4037-829A-1291B824F2E3}.Release|Any CPU.Build.0 = Release|Any CPU
	EndGlobalSection
	GlobalSection(NestedProjects) = preSolution
	EndGlobalSection
EndGlobal
